
Microsoft Visual Studio Solution File, Format Version 12.00
# Visual Studio 15
VisualStudioVersion = 15.0.27703.2018
MinimumVisualStudioVersion = 10.0.40219.1
Project("{FAE04EC0-301F-11D3-BF4B-00C04F79EFBC}") = "lab2_MaxT", "lab2_MaxT\lab2_MaxT.csproj", "{6E67600D-A725-4627-9C9B-D72CA04C499B}"
EndProject
Global
	GlobalSection(SolutionConfigurationPlatforms) = preSolution
		Debug|Any CPU = Debug|Any CPU
		Release|Any CPU = Release|Any CPU
	EndGlobalSection
	GlobalSection(ProjectConfigurationPlatforms) = postSolution
		{6E67600D-A725-4627-9C9B-D72CA04C499B}.Debug|Any CPU.ActiveCfg = Debug|Any CPU
		{6E67600D-A725-4627-9C9B-D72CA04C499B}.Debug|Any CPU.Build.0 = Debug|Any CPU
		{6E67600D-A725-4627-9C9B-D72CA04C499B}.Release|Any CPU.ActiveCfg = Release|Any CPU
		{6E67600D-A725-4627-9C9B-D72CA04C499B}.Release|Any CPU.Build.0 = Release|Any CPU
	EndGlobalSection
	GlobalSection(SolutionProperties) = preSolution
		HideSolutionNode = FALSE
	EndGlobalSection
	GlobalSection(ExtensibilityGlobals) = postSolution
		SolutionGuid = {1B8C2B1B-5CD4-477F-8968-12EBB12CB14A}
	EndGlobalSection
EndGlobal
